
Microsoft Visual Studio Solution File, Format Version 12.00
# Visual Studio Version 17
VisualStudioVersion = 17.0.31903.59
MinimumVisualStudioVersion = 10.0.40219.1
Project("{FAE04EC0-301F-11D3-BF4B-00C04F79EFBC}") = "ABCRetail.StorageWeb", "ABCRetail.StorageWeb\ABCRetail.StorageWeb.csproj", "{36F38972-F12F-442A-8C6A-789907D046F5}"
EndProject
Project("{FAE04EC0-301F-11D3-BF4B-00C04F79EFBC}") = "ABCRetail.StorageWeb.Tests", "ABCRetail.StorageWeb.Tests\ABCRetail.StorageWeb.Tests.csproj", "{4D4F732E-38AB-4F5E-A446-2B640DCF517F}"
EndProject
Project("{FAE04EC0-301F-11D3-BF4B-00C04F79EFBC}") = "ABCRetail.StorageFunctions", "ABCRetail.StorageFunctions\ABCRetail.StorageFunctions.csproj", "{0FEF3909-C7AE-47B3-826C-D28A7F814676}"
EndProject
Global
	GlobalSection(SolutionConfigurationPlatforms) = preSolution
		Debug|Any CPU = Debug|Any CPU
		Debug|x64 = Debug|x64
		Debug|x86 = Debug|x86
		Release|Any CPU = Release|Any CPU
		Release|x64 = Release|x64
		Release|x86 = Release|x86
	EndGlobalSection
	GlobalSection(ProjectConfigurationPlatforms) = postSolution
		{36F38972-F12F-442A-8C6A-789907D046F5}.Debug|Any CPU.ActiveCfg = Debug|Any CPU
		{36F38972-F12F-442A-8C6A-789907D046F5}.Debug|Any CPU.Build.0 = Debug|Any CPU
		{36F38972-F12F-442A-8C6A-789907D046F5}.Debug|x64.ActiveCfg = Debug|Any CPU
		{36F38972-F12F-442A-8C6A-789907D046F5}.Debug|x64.Build.0 = Debug|Any CPU
		{36F38972-F12F-442A-8C6A-789907D046F5}.Debug|x86.ActiveCfg = Debug|Any CPU
		{36F38972-F12F-442A-8C6A-789907D046F5}.Debug|x86.Build.0 = Debug|Any CPU
		{36F38972-F12F-442A-8C6A-789907D046F5}.Release|Any CPU.ActiveCfg = Release|Any CPU
		{36F38972-F12F-442A-8C6A-789907D046F5}.Release|Any CPU.Build.0 = Release|Any CPU
		{36F38972-F12F-442A-8C6A-789907D046F5}.Release|x64.ActiveCfg = Release|Any CPU
		{36F38972-F12F-442A-8C6A-789907D046F5}.Release|x64.Build.0 = Release|Any CPU
		{36F38972-F12F-442A-8C6A-789907D046F5}.Release|x86.ActiveCfg = Release|Any CPU
		{36F38972-F12F-442A-8C6A-789907D046F5}.Release|x86.Build.0 = Release|Any CPU
		{4D4F732E-38AB-4F5E-A446-2B640DCF517F}.Debug|Any CPU.ActiveCfg = Debug|Any CPU
		{4D4F732E-38AB-4F5E-A446-2B640DCF517F}.Debug|Any CPU.Build.0 = Debug|Any CPU
		{4D4F732E-38AB-4F5E-A446-2B640DCF517F}.Debug|x64.ActiveCfg = Debug|Any CPU
		{4D4F732E-38AB-4F5E-A446-2B640DCF517F}.Debug|x64.Build.0 = Debug|Any CPU
		{4D4F732E-38AB-4F5E-A446-2B640DCF517F}.Debug|x86.ActiveCfg = Debug|Any CPU
		{4D4F732E-38AB-4F5E-A446-2B640DCF517F}.Debug|x86.Build.0 = Debug|Any CPU
		{4D4F732E-38AB-4F5E-A446-2B640DCF517F}.Release|Any CPU.ActiveCfg = Release|Any CPU
		{4D4F732E-38AB-4F5E-A446-2B640DCF517F}.Release|Any CPU.Build.0 = Release|Any CPU
		{4D4F732E-38AB-4F5E-A446-2B640DCF517F}.Release|x64.ActiveCfg = Release|Any CPU
		{4D4F732E-38AB-4F5E-A446-2B640DCF517F}.Release|x64.Build.0 = Release|Any CPU
		{4D4F732E-38AB-4F5E-A446-2B640DCF517F}.Release|x86.ActiveCfg = Release|Any CPU
		{4D4F732E-38AB-4F5E-A446-2B640DCF517F}.Release|x86.Build.0 = Release|Any CPU
		{0FEF3909-C7AE-47B3-826C-D28A7F814676}.Debug|Any CPU.ActiveCfg = Debug|Any CPU
		{0FEF3909-C7AE-47B3-826C-D28A7F814676}.Debug|Any CPU.Build.0 = Debug|Any CPU
		{0FEF3909-C7AE-47B3-826C-D28A7F814676}.Debug|x64.ActiveCfg = Debug|Any CPU
		{0FEF3909-C7AE-47B3-826C-D28A7F814676}.Debug|x64.Build.0 = Debug|Any CPU
		{0FEF3909-C7AE-47B3-826C-D28A7F814676}.Debug|x86.ActiveCfg = Debug|Any CPU
		{0FEF3909-C7AE-47B3-826C-D28A7F814676}.Debug|x86.Build.0 = Debug|Any CPU
		{0FEF3909-C7AE-47B3-826C-D28A7F814676}.Release|Any CPU.ActiveCfg = Release|Any CPU
		{0FEF3909-C7AE-47B3-826C-D28A7F814676}.Release|Any CPU.Build.0 = Release|Any CPU
		{0FEF3909-C7AE-47B3-826C-D28A7F814676}.Release|x64.ActiveCfg = Release|Any CPU
		{0FEF3909-C7AE-47B3-826C-D28A7F814676}.Release|x64.Build.0 = Release|Any CPU
		{0FEF3909-C7AE-47B3-826C-D28A7F814676}.Release|x86.ActiveCfg = Release|Any CPU
		{0FEF3909-C7AE-47B3-826C-D28A7F814676}.Release|x86.Build.0 = Release|Any CPU
	EndGlobalSection
	GlobalSection(SolutionProperties) = preSolution
		HideSolutionNode = FALSE
	EndGlobalSection
EndGlobal
